
Microsoft Visual Studio Solution File, Format Version 12.00
# Visual Studio Version 17
VisualStudioVersion = 17.9.34714.143
MinimumVisualStudioVersion = 10.0.40219.1
Project("{FAE04EC0-301F-11D3-BF4B-00C04F79EFBC}") = "SmartLogger", "SmartLogger\SmartLogger.csproj", "{9F648962-2076-4412-BD61-F9CB47C51E7A}"
EndProject
Global
	GlobalSection(SolutionConfigurationPlatforms) = preSolution
		Debug|Any CPU = Debug|Any CPU
		Release|Any CPU = Release|Any CPU
	EndGlobalSection
	GlobalSection(ProjectConfigurationPlatforms) = postSolution
		{9F648962-2076-4412-BD61-F9CB47C51E7A}.Debug|Any CPU.ActiveCfg = Debug|Any CPU
		{9F648962-2076-4412-BD61-F9CB47C51E7A}.Debug|Any CPU.Build.0 = Debug|Any CPU
		{9F648962-2076-4412-BD61-F9CB47C51E7A}.Release|Any CPU.ActiveCfg = Release|Any CPU
		{9F648962-2076-4412-BD61-F9CB47C51E7A}.Release|Any CPU.Build.0 = Release|Any CPU
	EndGlobalSection
	GlobalSection(SolutionProperties) = preSolution
		HideSolutionNode = FALSE
	EndGlobalSection
	GlobalSection(ExtensibilityGlobals) = postSolution
		SolutionGuid = {FCBBFA69-4EA6-4569-A451-E54E03C40256}
	EndGlobalSection
EndGlobal
